// !$*UTF8*$!
{
	archiveVersion = 1;
	classes = {
	};
	objectVersion = 60;
	objects = {

/* Begin PBXBuildFile section */
		A10000000000000000000001 /* MDJournalApp.swift in Sources */ = {isa = PBXBuildFile; fileRef = A20000000000000000000001 /* MDJournalApp.swift */; };
		A10000000000000000000002 /* ContentView.swift in Sources */ = {isa = PBXBuildFile; fileRef = A20000000000000000000002 /* ContentView.swift */; };
		A10000000000000000000003 /* JournalEntry.swift in Sources */ = {isa = PBXBuildFile; fileRef = A20000000000000000000003 /* JournalEntry.swift */; };
		A10000000000000000000004 /* JournalStore.swift in Sources */ = {isa = PBXBuildFile; fileRef = A20000000000000000000004 /* JournalStore.swift */; };
		A10000000000000000000005 /* JournalDateFormatters.swift in Sources */ = {isa = PBXBuildFile; fileRef = A20000000000000000000005 /* JournalDateFormatters.swift */; };
		A10000000000000000000006 /* MarkdownBlockParser.swift in Sources */ = {isa = PBXBuildFile; fileRef = A20000000000000000000006 /* MarkdownBlockParser.swift */; };
		A10000000000000000000007 /* MarkdownSnippet.swift in Sources */ = {isa = PBXBuildFile; fileRef = A20000000000000000000007 /* MarkdownSnippet.swift */; };
		A10000000000000000000008 /* EntryEditorView.swift in Sources */ = {isa = PBXBuildFile; fileRef = A20000000000000000000008 /* EntryEditorView.swift */; };
		A10000000000000000000009 /* EntryListView.swift in Sources */ = {isa = PBXBuildFile; fileRef = A20000000000000000000009 /* EntryListView.swift */; };
		A1000000000000000000000A /* EntryRowView.swift in Sources */ = {isa = PBXBuildFile; fileRef = A2000000000000000000000A /* EntryRowView.swift */; };
		A1000000000000000000000B /* EmptyStateView.swift in Sources */ = {isa = PBXBuildFile; fileRef = A2000000000000000000000B /* EmptyStateView.swift */; };
		A1000000000000000000000C /* MarkdownPreviewView.swift in Sources */ = {isa = PBXBuildFile; fileRef = A2000000000000000000000C /* MarkdownPreviewView.swift */; };
		A1000000000000000000000D /* MarkdownToolbar.swift in Sources */ = {isa = PBXBuildFile; fileRef = A2000000000000000000000D /* MarkdownToolbar.swift */; };
		A1000000000000000000000E /* JournalStatistics.swift in Sources */ = {isa = PBXBuildFile; fileRef = A20000000000000000000010 /* JournalStatistics.swift */; };
		A1000000000000000000000F /* StatisticsDashboardView.swift in Sources */ = {isa = PBXBuildFile; fileRef = A20000000000000000000011 /* StatisticsDashboardView.swift */; };
		A10000000000000000000010 /* MarkdownSnippetCommandShortcut.swift in Sources */ = {isa = PBXBuildFile; fileRef = A20000000000000000000012 /* MarkdownSnippetCommandShortcut.swift */; };
		A10000000000000000000011 /* JournalEntryListSnapshot.swift in Sources */ = {isa = PBXBuildFile; fileRef = A20000000000000000000013 /* JournalEntryListSnapshot.swift */; };
		A10000000000000000000012 /* EditorWritingCommand.swift in Sources */ = {isa = PBXBuildFile; fileRef = A20000000000000000000014 /* EditorWritingCommand.swift */; };
		B10000000000000000000001 /* JournalEntryTests.swift in Sources */ = {isa = PBXBuildFile; fileRef = B20000000000000000000001 /* JournalEntryTests.swift */; };
		B10000000000000000000002 /* MarkdownBlockParserTests.swift in Sources */ = {isa = PBXBuildFile; fileRef = B20000000000000000000002 /* MarkdownBlockParserTests.swift */; };
		B10000000000000000000003 /* JournalStatisticsTests.swift in Sources */ = {isa = PBXBuildFile; fileRef = B20000000000000000000003 /* JournalStatisticsTests.swift */; };
		B10000000000000000000004 /* MarkdownSnippetTests.swift in Sources */ = {isa = PBXBuildFile; fileRef = B20000000000000000000004 /* MarkdownSnippetTests.swift */; };
		B10000000000000000000005 /* JournalStoreTests.swift in Sources */ = {isa = PBXBuildFile; fileRef = B20000000000000000000005 /* JournalStoreTests.swift */; };
		B10000000000000000000006 /* JournalEntryListSnapshotTests.swift in Sources */ = {isa = PBXBuildFile; fileRef = B20000000000000000000006 /* JournalEntryListSnapshotTests.swift */; };
/* End PBXBuildFile section */

/* Begin PBXContainerItemProxy section */
		B90000000000000000000001 /* PBXContainerItemProxy */ = {
			isa = PBXContainerItemProxy;
			containerPortal = A60000000000000000000001 /* Project object */;
			proxyType = 1;
			remoteGlobalIDString = A50000000000000000000001;
			remoteInfo = MDJournal;
		};
/* End PBXContainerItemProxy section */

/* Begin PBXFileReference section */
		A20000000000000000000001 /* MDJournalApp.swift */ = {isa = PBXFileReference; lastKnownFileType = sourcecode.swift; path = MDJournalApp.swift; sourceTree = "<group>"; };
		A20000000000000000000002 /* ContentView.swift */ = {isa = PBXFileReference; lastKnownFileType = sourcecode.swift; path = ContentView.swift; sourceTree = "<group>"; };
		A20000000000000000000003 /* JournalEntry.swift */ = {isa = PBXFileReference; lastKnownFileType = sourcecode.swift; path = JournalEntry.swift; sourceTree = "<group>"; };
		A20000000000000000000004 /* JournalStore.swift */ = {isa = PBXFileReference; lastKnownFileType = sourcecode.swift; path = JournalStore.swift; sourceTree = "<group>"; };
		A20000000000000000000005 /* JournalDateFormatters.swift */ = {isa = PBXFileReference; lastKnownFileType = sourcecode.swift; path = JournalDateFormatters.swift; sourceTree = "<group>"; };
		A20000000000000000000006 /* MarkdownBlockParser.swift */ = {isa = PBXFileReference; lastKnownFileType = sourcecode.swift; path = MarkdownBlockParser.swift; sourceTree = "<group>"; };
		A20000000000000000000007 /* MarkdownSnippet.swift */ = {isa = PBXFileReference; lastKnownFileType = sourcecode.swift; path = MarkdownSnippet.swift; sourceTree = "<group>"; };
		A20000000000000000000008 /* EntryEditorView.swift */ = {isa = PBXFileReference; lastKnownFileType = sourcecode.swift; path = EntryEditorView.swift; sourceTree = "<group>"; };
		A20000000000000000000009 /* EntryListView.swift */ = {isa = PBXFileReference; lastKnownFileType = sourcecode.swift; path = EntryListView.swift; sourceTree = "<group>"; };
		A2000000000000000000000A /* EntryRowView.swift */ = {isa = PBXFileReference; lastKnownFileType = sourcecode.swift; path = EntryRowView.swift; sourceTree = "<group>"; };
		A2000000000000000000000B /* EmptyStateView.swift */ = {isa = PBXFileReference; lastKnownFileType = sourcecode.swift; path = EmptyStateView.swift; sourceTree = "<group>"; };
		A2000000000000000000000C /* MarkdownPreviewView.swift */ = {isa = PBXFileReference; lastKnownFileType = sourcecode.swift; path = MarkdownPreviewView.swift; sourceTree = "<group>"; };
		A2000000000000000000000D /* MarkdownToolbar.swift */ = {isa = PBXFileReference; lastKnownFileType = sourcecode.swift; path = MarkdownToolbar.swift; sourceTree = "<group>"; };
		A2000000000000000000000F /* MDJournal.app */ = {isa = PBXFileReference; explicitFileType = wrapper.application; includeInIndex = 0; path = MDJournal.app; sourceTree = BUILT_PRODUCTS_DIR; };
		A20000000000000000000010 /* JournalStatistics.swift */ = {isa = PBXFileReference; lastKnownFileType = sourcecode.swift; path = JournalStatistics.swift; sourceTree = "<group>"; };
		A20000000000000000000011 /* StatisticsDashboardView.swift */ = {isa = PBXFileReference; lastKnownFileType = sourcecode.swift; path = StatisticsDashboardView.swift; sourceTree = "<group>"; };
		A20000000000000000000012 /* MarkdownSnippetCommandShortcut.swift */ = {isa = PBXFileReference; lastKnownFileType = sourcecode.swift; path = MarkdownSnippetCommandShortcut.swift; sourceTree = "<group>"; };
		A20000000000000000000013 /* JournalEntryListSnapshot.swift */ = {isa = PBXFileReference; lastKnownFileType = sourcecode.swift; path = JournalEntryListSnapshot.swift; sourceTree = "<group>"; };
		A20000000000000000000014 /* EditorWritingCommand.swift */ = {isa = PBXFileReference; lastKnownFileType = sourcecode.swift; path = EditorWritingCommand.swift; sourceTree = "<group>"; };
		B20000000000000000000001 /* JournalEntryTests.swift */ = {isa = PBXFileReference; lastKnownFileType = sourcecode.swift; path = JournalEntryTests.swift; sourceTree = "<group>"; };
		B20000000000000000000002 /* MarkdownBlockParserTests.swift */ = {isa = PBXFileReference; lastKnownFileType = sourcecode.swift; path = MarkdownBlockParserTests.swift; sourceTree = "<group>"; };
		B20000000000000000000003 /* JournalStatisticsTests.swift */ = {isa = PBXFileReference; lastKnownFileType = sourcecode.swift; path = JournalStatisticsTests.swift; sourceTree = "<group>"; };
		B20000000000000000000004 /* MarkdownSnippetTests.swift */ = {isa = PBXFileReference; lastKnownFileType = sourcecode.swift; path = MarkdownSnippetTests.swift; sourceTree = "<group>"; };
		B20000000000000000000005 /* JournalStoreTests.swift */ = {isa = PBXFileReference; lastKnownFileType = sourcecode.swift; path = JournalStoreTests.swift; sourceTree = "<group>"; };
		B20000000000000000000006 /* JournalEntryListSnapshotTests.swift */ = {isa = PBXFileReference; lastKnownFileType = sourcecode.swift; path = JournalEntryListSnapshotTests.swift; sourceTree = "<group>"; };
		B2000000000000000000000F /* MDJournalTests.xctest */ = {isa = PBXFileReference; explicitFileType = wrapper.cfbundle; includeInIndex = 0; path = MDJournalTests.xctest; sourceTree = BUILT_PRODUCTS_DIR; };
/* End PBXFileReference section */

/* Begin PBXFrameworksBuildPhase section */
		A30000000000000000000001 /* Frameworks */ = {
			isa = PBXFrameworksBuildPhase;
			buildActionMask = 2147483647;
			files = (
			);
			runOnlyForDeploymentPostprocessing = 0;
		};
		B30000000000000000000001 /* Frameworks */ = {
			isa = PBXFrameworksBuildPhase;
			buildActionMask = 2147483647;
			files = (
			);
			runOnlyForDeploymentPostprocessing = 0;
		};
/* End PBXFrameworksBuildPhase section */

/* Begin PBXGroup section */
		A40000000000000000000001 = {
			isa = PBXGroup;
			children = (
				A40000000000000000000002 /* MDJournal */,
				B40000000000000000000001 /* MDJournalTests */,
				A40000000000000000000008 /* Products */,
			);
			sourceTree = "<group>";
		};
		A40000000000000000000002 /* MDJournal */ = {
			isa = PBXGroup;
			children = (
				A20000000000000000000001 /* MDJournalApp.swift */,
				A20000000000000000000002 /* ContentView.swift */,
				A40000000000000000000003 /* Models */,
				A40000000000000000000004 /* Stores */,
				A40000000000000000000005 /* Views */,
				A40000000000000000000006 /* Utilities */,
			);
			path = MDJournal;
			sourceTree = "<group>";
		};
		A40000000000000000000003 /* Models */ = {
			isa = PBXGroup;
			children = (
				A20000000000000000000003 /* JournalEntry.swift */,
			);
			path = Models;
			sourceTree = "<group>";
		};
		A40000000000000000000004 /* Stores */ = {
			isa = PBXGroup;
			children = (
				A20000000000000000000004 /* JournalStore.swift */,
			);
			path = Stores;
			sourceTree = "<group>";
		};
		A40000000000000000000005 /* Views */ = {
			isa = PBXGroup;
			children = (
				A20000000000000000000008 /* EntryEditorView.swift */,
				A20000000000000000000009 /* EntryListView.swift */,
				A2000000000000000000000A /* EntryRowView.swift */,
				A2000000000000000000000B /* EmptyStateView.swift */,
				A2000000000000000000000C /* MarkdownPreviewView.swift */,
				A2000000000000000000000D /* MarkdownToolbar.swift */,
				A20000000000000000000011 /* StatisticsDashboardView.swift */,
			);
			path = Views;
			sourceTree = "<group>";
		};
		A40000000000000000000006 /* Utilities */ = {
			isa = PBXGroup;
			children = (
				A20000000000000000000014 /* EditorWritingCommand.swift */,
				A20000000000000000000005 /* JournalDateFormatters.swift */,
				A20000000000000000000013 /* JournalEntryListSnapshot.swift */,
				A20000000000000000000010 /* JournalStatistics.swift */,
				A20000000000000000000006 /* MarkdownBlockParser.swift */,
				A20000000000000000000007 /* MarkdownSnippet.swift */,
				A20000000000000000000012 /* MarkdownSnippetCommandShortcut.swift */,
			);
			path = Utilities;
			sourceTree = "<group>";
		};
		A40000000000000000000008 /* Products */ = {
			isa = PBXGroup;
			children = (
				A2000000000000000000000F /* MDJournal.app */,
				B2000000000000000000000F /* MDJournalTests.xctest */,
			);
			name = Products;
			sourceTree = "<group>";
		};
		B40000000000000000000001 /* MDJournalTests */ = {
			isa = PBXGroup;
			children = (
				B20000000000000000000001 /* JournalEntryTests.swift */,
				B20000000000000000000002 /* MarkdownBlockParserTests.swift */,
				B20000000000000000000003 /* JournalStatisticsTests.swift */,
				B20000000000000000000006 /* JournalEntryListSnapshotTests.swift */,
				B20000000000000000000004 /* MarkdownSnippetTests.swift */,
				B20000000000000000000005 /* JournalStoreTests.swift */,
			);
			path = MDJournalTests;
			sourceTree = "<group>";
		};
/* End PBXGroup section */

/* Begin PBXNativeTarget section */
		A50000000000000000000001 /* MDJournal */ = {
			isa = PBXNativeTarget;
			buildConfigurationList = A80000000000000000000003 /* Build configuration list for PBXNativeTarget "MDJournal" */;
			buildPhases = (
				A30000000000000000000002 /* Sources */,
				A30000000000000000000001 /* Frameworks */,
				A30000000000000000000003 /* Resources */,
			);
			buildRules = (
			);
			dependencies = (
			);
			name = MDJournal;
			productName = MDJournal;
			productReference = A2000000000000000000000F /* MDJournal.app */;
			productType = "com.apple.product-type.application";
		};
		B50000000000000000000001 /* MDJournalTests */ = {
			isa = PBXNativeTarget;
			buildConfigurationList = B80000000000000000000001 /* Build configuration list for PBXNativeTarget "MDJournalTests" */;
			buildPhases = (
				B30000000000000000000002 /* Sources */,
				B30000000000000000000001 /* Frameworks */,
				B30000000000000000000003 /* Resources */,
			);
			buildRules = (
			);
			dependencies = (
				B90000000000000000000002 /* PBXTargetDependency */,
			);
			name = MDJournalTests;
			productName = MDJournalTests;
			productReference = B2000000000000000000000F /* MDJournalTests.xctest */;
			productType = "com.apple.product-type.bundle.unit-test";
		};
/* End PBXNativeTarget section */

/* Begin PBXProject section */
		A60000000000000000000001 /* Project object */ = {
			isa = PBXProject;
			attributes = {
				BuildIndependentTargetsInParallel = 1;
				LastSwiftUpdateCheck = 1600;
				LastUpgradeCheck = 1600;
				TargetAttributes = {
					A50000000000000000000001 = {
						CreatedOnToolsVersion = 16.0;
					};
					B50000000000000000000001 = {
						CreatedOnToolsVersion = 16.0;
						TestTargetID = A50000000000000000000001;
					};
				};
			};
			buildConfigurationList = A80000000000000000000001 /* Build configuration list for PBXProject "MDJournal" */;
			compatibilityVersion = "Xcode 15.0";
			developmentRegion = en;
			hasScannedForEncodings = 0;
			knownRegions = (
				en,
				Base,
				zh-Hans,
			);
			mainGroup = A40000000000000000000001;
			productRefGroup = A40000000000000000000008 /* Products */;
			projectDirPath = "";
			projectRoot = "";
			targets = (
				A50000000000000000000001 /* MDJournal */,
				B50000000000000000000001 /* MDJournalTests */,
			);
		};
/* End PBXProject section */

/* Begin PBXResourcesBuildPhase section */
		A30000000000000000000003 /* Resources */ = {
			isa = PBXResourcesBuildPhase;
			buildActionMask = 2147483647;
			files = (
			);
			runOnlyForDeploymentPostprocessing = 0;
		};
		B30000000000000000000003 /* Resources */ = {
			isa = PBXResourcesBuildPhase;
			buildActionMask = 2147483647;
			files = (
			);
			runOnlyForDeploymentPostprocessing = 0;
		};
/* End PBXResourcesBuildPhase section */

/* Begin PBXSourcesBuildPhase section */
		A30000000000000000000002 /* Sources */ = {
			isa = PBXSourcesBuildPhase;
			buildActionMask = 2147483647;
			files = (
				A10000000000000000000001 /* MDJournalApp.swift in Sources */,
				A10000000000000000000002 /* ContentView.swift in Sources */,
				A10000000000000000000003 /* JournalEntry.swift in Sources */,
				A10000000000000000000004 /* JournalStore.swift in Sources */,
				A10000000000000000000005 /* JournalDateFormatters.swift in Sources */,
				A10000000000000000000006 /* MarkdownBlockParser.swift in Sources */,
				A10000000000000000000007 /* MarkdownSnippet.swift in Sources */,
				A10000000000000000000008 /* EntryEditorView.swift in Sources */,
				A10000000000000000000009 /* EntryListView.swift in Sources */,
				A1000000000000000000000A /* EntryRowView.swift in Sources */,
				A1000000000000000000000B /* EmptyStateView.swift in Sources */,
				A1000000000000000000000C /* MarkdownPreviewView.swift in Sources */,
				A1000000000000000000000D /* MarkdownToolbar.swift in Sources */,
				A1000000000000000000000E /* JournalStatistics.swift in Sources */,
				A1000000000000000000000F /* StatisticsDashboardView.swift in Sources */,
				A10000000000000000000010 /* MarkdownSnippetCommandShortcut.swift in Sources */,
				A10000000000000000000011 /* JournalEntryListSnapshot.swift in Sources */,
				A10000000000000000000012 /* EditorWritingCommand.swift in Sources */,
			);
			runOnlyForDeploymentPostprocessing = 0;
		};
		B30000000000000000000002 /* Sources */ = {
			isa = PBXSourcesBuildPhase;
			buildActionMask = 2147483647;
			files = (
				B10000000000000000000001 /* JournalEntryTests.swift in Sources */,
				B10000000000000000000002 /* MarkdownBlockParserTests.swift in Sources */,
				B10000000000000000000003 /* JournalStatisticsTests.swift in Sources */,
				B10000000000000000000006 /* JournalEntryListSnapshotTests.swift in Sources */,
				B10000000000000000000004 /* MarkdownSnippetTests.swift in Sources */,
				B10000000000000000000005 /* JournalStoreTests.swift in Sources */,
			);
			runOnlyForDeploymentPostprocessing = 0;
		};
/* End PBXSourcesBuildPhase section */

/* Begin PBXTargetDependency section */
		B90000000000000000000002 /* PBXTargetDependency */ = {
			isa = PBXTargetDependency;
			target = A50000000000000000000001 /* MDJournal */;
			targetProxy = B90000000000000000000001 /* PBXContainerItemProxy */;
		};
/* End PBXTargetDependency section */

/* Begin XCBuildConfiguration section */
		A70000000000000000000001 /* Debug */ = {
			isa = XCBuildConfiguration;
			buildSettings = {
				ALWAYS_SEARCH_USER_PATHS = NO;
				CLANG_ANALYZER_NONNULL = YES;
				CLANG_ANALYZER_NUMBER_OBJECT_CONVERSION = YES_AGGRESSIVE;
				CLANG_CXX_LANGUAGE_STANDARD = "gnu++20";
				CLANG_ENABLE_MODULES = YES;
				CLANG_ENABLE_OBJC_ARC = YES;
				CLANG_ENABLE_OBJC_WEAK = YES;
				CLANG_WARN_BLOCK_CAPTURE_AUTORELEASING = YES;
				CLANG_WARN_BOOL_CONVERSION = YES;
				CLANG_WARN_COMMA = YES;
				CLANG_WARN_CONSTANT_CONVERSION = YES;
				CLANG_WARN_DEPRECATED_OBJC_IMPLEMENTATIONS = YES;
				CLANG_WARN_DIRECT_OBJC_ISA_USAGE = YES_ERROR;
				CLANG_WARN_DOCUMENTATION_COMMENTS = YES;
				CLANG_WARN_EMPTY_BODY = YES;
				CLANG_WARN_ENUM_CONVERSION = YES;
				CLANG_WARN_INFINITE_RECURSION = YES;
				CLANG_WARN_INT_CONVERSION = YES;
				CLANG_WARN_NON_LITERAL_NULL_CONVERSION = YES;
				CLANG_WARN_OBJC_IMPLICIT_RETAIN_SELF = YES;
				CLANG_WARN_OBJC_LITERAL_CONVERSION = YES;
				CLANG_WARN_OBJC_ROOT_CLASS = YES_ERROR;
				CLANG_WARN_QUOTED_INCLUDE_IN_FRAMEWORK_HEADER = YES;
				CLANG_WARN_RANGE_LOOP_ANALYSIS = YES;
				CLANG_WARN_STRICT_PROTOTYPES = YES;
				CLANG_WARN_SUSPICIOUS_MOVE = YES;
				CLANG_WARN_UNGUARDED_AVAILABILITY = YES_AGGRESSIVE;
				CLANG_WARN_UNREACHABLE_CODE = YES;
				CLANG_WARN__DUPLICATE_METHOD_MATCH = YES;
				COPY_PHASE_STRIP = NO;
				DEBUG_INFORMATION_FORMAT = dwarf;
				ENABLE_STRICT_OBJC_MSGSEND = YES;
				ENABLE_TESTABILITY = YES;
				ENABLE_USER_SCRIPT_SANDBOXING = YES;
				GCC_C_LANGUAGE_STANDARD = gnu17;
				GCC_DYNAMIC_NO_PIC = NO;
				GCC_NO_COMMON_BLOCKS = YES;
				GCC_OPTIMIZATION_LEVEL = 0;
				GCC_PREPROCESSOR_DEFINITIONS = (
					"DEBUG=1",
					"$(inherited)",
				);
				GCC_WARN_64_TO_32_BIT_CONVERSION = YES;
				GCC_WARN_ABOUT_RETURN_TYPE = YES_ERROR;
				GCC_WARN_UNDECLARED_SELECTOR = YES;
				GCC_WARN_UNINITIALIZED_AUTOS = YES_AGGRESSIVE;
				GCC_WARN_UNUSED_FUNCTION = YES;
				GCC_WARN_UNUSED_VARIABLE = YES;
				IPHONEOS_DEPLOYMENT_TARGET = 16.0;
				MTL_ENABLE_DEBUG_INFO = INCLUDE_SOURCE;
				MTL_FAST_MATH = YES;
				ONLY_ACTIVE_ARCH = YES;
				SDKROOT = iphoneos;
				SWIFT_ACTIVE_COMPILATION_CONDITIONS = DEBUG;
			};
			name = Debug;
		};
		A70000000000000000000002 /* Release */ = {
			isa = XCBuildConfiguration;
			buildSettings = {
				ALWAYS_SEARCH_USER_PATHS = NO;
				CLANG_ANALYZER_NONNULL = YES;
				CLANG_ANALYZER_NUMBER_OBJECT_CONVERSION = YES_AGGRESSIVE;
				CLANG_CXX_LANGUAGE_STANDARD = "gnu++20";
				CLANG_ENABLE_MODULES = YES;
				CLANG_ENABLE_OBJC_ARC = YES;
				CLANG_ENABLE_OBJC_WEAK = YES;
				CLANG_WARN_BLOCK_CAPTURE_AUTORELEASING = YES;
				CLANG_WARN_BOOL_CONVERSION = YES;
				CLANG_WARN_COMMA = YES;
				CLANG_WARN_CONSTANT_CONVERSION = YES;
				CLANG_WARN_DEPRECATED_OBJC_IMPLEMENTATIONS = YES;
				CLANG_WARN_DIRECT_OBJC_ISA_USAGE = YES_ERROR;
				CLANG_WARN_DOCUMENTATION_COMMENTS = YES;
				CLANG_WARN_EMPTY_BODY = YES;
				CLANG_WARN_ENUM_CONVERSION = YES;
				CLANG_WARN_INFINITE_RECURSION = YES;
				CLANG_WARN_INT_CONVERSION = YES;
				CLANG_WARN_NON_LITERAL_NULL_CONVERSION = YES;
				CLANG_WARN_OBJC_IMPLICIT_RETAIN_SELF = YES;
				CLANG_WARN_OBJC_LITERAL_CONVERSION = YES;
				CLANG_WARN_OBJC_ROOT_CLASS = YES_ERROR;
				CLANG_WARN_QUOTED_INCLUDE_IN_FRAMEWORK_HEADER = YES;
				CLANG_WARN_RANGE_LOOP_ANALYSIS = YES;
				CLANG_WARN_STRICT_PROTOTYPES = YES;
				CLANG_WARN_SUSPICIOUS_MOVE = YES;
				CLANG_WARN_UNGUARDED_AVAILABILITY = YES_AGGRESSIVE;
				CLANG_WARN_UNREACHABLE_CODE = YES;
				CLANG_WARN__DUPLICATE_METHOD_MATCH = YES;
				COPY_PHASE_STRIP = NO;
				DEBUG_INFORMATION_FORMAT = "dwarf-with-dsym";
				ENABLE_NS_ASSERTIONS = NO;
				ENABLE_STRICT_OBJC_MSGSEND = YES;
				ENABLE_USER_SCRIPT_SANDBOXING = YES;
				GCC_C_LANGUAGE_STANDARD = gnu17;
				GCC_NO_COMMON_BLOCKS = YES;
				GCC_WARN_64_TO_32_BIT_CONVERSION = YES;
				GCC_WARN_ABOUT_RETURN_TYPE = YES_ERROR;
				GCC_WARN_UNDECLARED_SELECTOR = YES;
				GCC_WARN_UNINITIALIZED_AUTOS = YES_AGGRESSIVE;
				GCC_WARN_UNUSED_FUNCTION = YES;
				GCC_WARN_UNUSED_VARIABLE = YES;
				IPHONEOS_DEPLOYMENT_TARGET = 16.0;
				MTL_ENABLE_DEBUG_INFO = NO;
				MTL_FAST_MATH = YES;
				SDKROOT = iphoneos;
				SWIFT_COMPILATION_MODE = wholemodule;
				VALIDATE_PRODUCT = YES;
			};
			name = Release;
		};
		A70000000000000000000003 /* Debug */ = {
			isa = XCBuildConfiguration;
			buildSettings = {
				CODE_SIGN_STYLE = Automatic;
				CURRENT_PROJECT_VERSION = 1;
				DEVELOPMENT_ASSET_PATHS = "";
				DEVELOPMENT_TEAM = "";
				ENABLE_PREVIEWS = YES;
				GENERATE_INFOPLIST_FILE = YES;
				INFOPLIST_KEY_CFBundleDisplayName = "MD Journal";
				INFOPLIST_KEY_LSApplicationCategoryType = "public.app-category.productivity";
				INFOPLIST_KEY_UILaunchScreen_Generation = YES;
				INFOPLIST_KEY_UIRequiresFullScreen = NO;
				INFOPLIST_KEY_UISupportedInterfaceOrientations = "UIInterfaceOrientationPortrait UIInterfaceOrientationPortraitUpsideDown UIInterfaceOrientationLandscapeLeft UIInterfaceOrientationLandscapeRight";
				INFOPLIST_KEY_UISupportedInterfaceOrientations_iPhone = "UIInterfaceOrientationPortrait UIInterfaceOrientationLandscapeLeft UIInterfaceOrientationLandscapeRight";
				IPHONEOS_DEPLOYMENT_TARGET = 16.0;
				LD_RUNPATH_SEARCH_PATHS = (
					"$(inherited)",
					"@executable_path/Frameworks",
				);
				MACOSX_DEPLOYMENT_TARGET = 13.0;
				MARKETING_VERSION = 1.0;
				PRODUCT_BUNDLE_IDENTIFIER = com.codex.mdjournal;
				"PRODUCT_BUNDLE_IDENTIFIER[sdk=macosx*]" = com.codex.mdjournal.mac;
				PRODUCT_NAME = "$(TARGET_NAME)";
				SUPPORTED_PLATFORMS = "iphoneos iphonesimulator macosx";
				SUPPORTS_MACCATALYST = YES;
				SWIFT_EMIT_LOC_STRINGS = YES;
				SWIFT_VERSION = 5.0;
				TARGETED_DEVICE_FAMILY = "1,2,6";
			};
			name = Debug;
		};
		A70000000000000000000004 /* Release */ = {
			isa = XCBuildConfiguration;
			buildSettings = {
				CODE_SIGN_STYLE = Automatic;
				CURRENT_PROJECT_VERSION = 1;
				DEVELOPMENT_ASSET_PATHS = "";
				DEVELOPMENT_TEAM = "";
				ENABLE_PREVIEWS = YES;
				GENERATE_INFOPLIST_FILE = YES;
				INFOPLIST_KEY_CFBundleDisplayName = "MD Journal";
				INFOPLIST_KEY_LSApplicationCategoryType = "public.app-category.productivity";
				INFOPLIST_KEY_UILaunchScreen_Generation = YES;
				INFOPLIST_KEY_UIRequiresFullScreen = NO;
				INFOPLIST_KEY_UISupportedInterfaceOrientations = "UIInterfaceOrientationPortrait UIInterfaceOrientationPortraitUpsideDown UIInterfaceOrientationLandscapeLeft UIInterfaceOrientationLandscapeRight";
				INFOPLIST_KEY_UISupportedInterfaceOrientations_iPhone = "UIInterfaceOrientationPortrait UIInterfaceOrientationLandscapeLeft UIInterfaceOrientationLandscapeRight";
				IPHONEOS_DEPLOYMENT_TARGET = 16.0;
				LD_RUNPATH_SEARCH_PATHS = (
					"$(inherited)",
					"@executable_path/Frameworks",
				);
				MACOSX_DEPLOYMENT_TARGET = 13.0;
				MARKETING_VERSION = 1.0;
				PRODUCT_BUNDLE_IDENTIFIER = com.codex.mdjournal;
				"PRODUCT_BUNDLE_IDENTIFIER[sdk=macosx*]" = com.codex.mdjournal.mac;
				PRODUCT_NAME = "$(TARGET_NAME)";
				SUPPORTED_PLATFORMS = "iphoneos iphonesimulator macosx";
				SUPPORTS_MACCATALYST = YES;
				SWIFT_EMIT_LOC_STRINGS = YES;
				SWIFT_VERSION = 5.0;
				TARGETED_DEVICE_FAMILY = "1,2,6";
			};
			name = Release;
		};
		B70000000000000000000001 /* Debug */ = {
			isa = XCBuildConfiguration;
			buildSettings = {
				ALWAYS_EMBED_SWIFT_STANDARD_LIBRARIES = YES;
				BUNDLE_LOADER = "$(TEST_HOST)";
				CODE_SIGN_STYLE = Automatic;
				CURRENT_PROJECT_VERSION = 1;
				DEVELOPMENT_TEAM = "";
				GENERATE_INFOPLIST_FILE = YES;
				IPHONEOS_DEPLOYMENT_TARGET = 16.0;
				LD_RUNPATH_SEARCH_PATHS = (
					"$(inherited)",
					"@executable_path/Frameworks",
					"@loader_path/Frameworks",
				);
				MARKETING_VERSION = 1.0;
				PRODUCT_BUNDLE_IDENTIFIER = com.codex.mdjournal.tests;
				PRODUCT_NAME = "$(TARGET_NAME)";
				SUPPORTED_PLATFORMS = "iphoneos iphonesimulator";
				SUPPORTS_MACCATALYST = NO;
				SWIFT_VERSION = 5.0;
				TARGETED_DEVICE_FAMILY = "1,2";
				TEST_HOST = "$(BUILT_PRODUCTS_DIR)/MDJournal.app/$(BUNDLE_EXECUTABLE_FOLDER_PATH)/MDJournal";
			};
			name = Debug;
		};
		B70000000000000000000002 /* Release */ = {
			isa = XCBuildConfiguration;
			buildSettings = {
				ALWAYS_EMBED_SWIFT_STANDARD_LIBRARIES = YES;
				BUNDLE_LOADER = "$(TEST_HOST)";
				CODE_SIGN_STYLE = Automatic;
				CURRENT_PROJECT_VERSION = 1;
				DEVELOPMENT_TEAM = "";
				GENERATE_INFOPLIST_FILE = YES;
				IPHONEOS_DEPLOYMENT_TARGET = 16.0;
				LD_RUNPATH_SEARCH_PATHS = (
					"$(inherited)",
					"@executable_path/Frameworks",
					"@loader_path/Frameworks",
				);
				MARKETING_VERSION = 1.0;
				PRODUCT_BUNDLE_IDENTIFIER = com.codex.mdjournal.tests;
				PRODUCT_NAME = "$(TARGET_NAME)";
				SUPPORTED_PLATFORMS = "iphoneos iphonesimulator";
				SUPPORTS_MACCATALYST = NO;
				SWIFT_VERSION = 5.0;
				TARGETED_DEVICE_FAMILY = "1,2";
				TEST_HOST = "$(BUILT_PRODUCTS_DIR)/MDJournal.app/$(BUNDLE_EXECUTABLE_FOLDER_PATH)/MDJournal";
			};
			name = Release;
		};
/* End XCBuildConfiguration section */

/* Begin XCConfigurationList section */
		A80000000000000000000001 /* Build configuration list for PBXProject "MDJournal" */ = {
			isa = XCConfigurationList;
			buildConfigurations = (
				A70000000000000000000001 /* Debug */,
				A70000000000000000000002 /* Release */,
			);
			defaultConfigurationIsVisible = 0;
			defaultConfigurationName = Release;
		};
		A80000000000000000000003 /* Build configuration list for PBXNativeTarget "MDJournal" */ = {
			isa = XCConfigurationList;
			buildConfigurations = (
				A70000000000000000000003 /* Debug */,
				A70000000000000000000004 /* Release */,
			);
			defaultConfigurationIsVisible = 0;
			defaultConfigurationName = Release;
		};
		B80000000000000000000001 /* Build configuration list for PBXNativeTarget "MDJournalTests" */ = {
			isa = XCConfigurationList;
			buildConfigurations = (
				B70000000000000000000001 /* Debug */,
				B70000000000000000000002 /* Release */,
			);
			defaultConfigurationIsVisible = 0;
			defaultConfigurationName = Release;
		};
/* End XCConfigurationList section */
	};
	rootObject = A60000000000000000000001 /* Project object */;
}
